// !$*UTF8*$!
{
	archiveVersion = 1;
	classes = {
	};
	objectVersion = 50;
	objects = {

/* Begin PBXBuildFile section */
		7D2112342662643A00A2FE17 /* LandmarksApp.swift in Sources */ = {isa = PBXBuildFile; fileRef = 7D2112332662643A00A2FE17 /* LandmarksApp.swift */; };
		7D2112362662643A00A2FE17 /* ContentView.swift in Sources */ = {isa = PBXBuildFile; fileRef = 7D2112352662643A00A2FE17 /* ContentView.swift */; };
		7D2112382662643C00A2FE17 /* Assets.xcassets in Resources */ = {isa = PBXBuildFile; fileRef = 7D2112372662643C00A2FE17 /* Assets.xcassets */; };
		7D21123B2662643C00A2FE17 /* Preview Assets.xcassets in Resources */ = {isa = PBXBuildFile; fileRef = 7D21123A2662643C00A2FE17 /* Preview Assets.xcassets */; };
		7D2112462662643C00A2FE17 /* LandmarksTests.swift in Sources */ = {isa = PBXBuildFile; fileRef = 7D2112452662643C00A2FE17 /* LandmarksTests.swift */; };
		7D2112512662643C00A2FE17 /* LandmarksUITests.swift in Sources */ = {isa = PBXBuildFile; fileRef = 7D2112502662643C00A2FE17 /* LandmarksUITests.swift */; };
		7D846074266267EA003BC83E /* CircleImage.swift in Sources */ = {isa = PBXBuildFile; fileRef = 7D846073266267EA003BC83E /* CircleImage.swift */; };
		7D846076266268E5003BC83E /* MapView.swift in Sources */ = {isa = PBXBuildFile; fileRef = 7D846075266268E5003BC83E /* MapView.swift */; };
		7D8460782662C7C7003BC83E /* landmarkData.json in Resources */ = {isa = PBXBuildFile; fileRef = 7D8460772662C7C7003BC83E /* landmarkData.json */; };
		7D84607A2662C7E2003BC83E /* Landmark.swift in Sources */ = {isa = PBXBuildFile; fileRef = 7D8460792662C7E2003BC83E /* Landmark.swift */; };
		7D84607C2662C97B003BC83E /* ModelData.swift in Sources */ = {isa = PBXBuildFile; fileRef = 7D84607B2662C97B003BC83E /* ModelData.swift */; };
		7D8460812662CB74003BC83E /* LandmarkRow.swift in Sources */ = {isa = PBXBuildFile; fileRef = 7D8460802662CB74003BC83E /* LandmarkRow.swift */; };
		7D8460832662CD42003BC83E /* LandmarkList.swift in Sources */ = {isa = PBXBuildFile; fileRef = 7D8460822662CD42003BC83E /* LandmarkList.swift */; };
		7D8460852662CE70003BC83E /* LandmarkDetail.swift in Sources */ = {isa = PBXBuildFile; fileRef = 7D8460842662CE70003BC83E /* LandmarkDetail.swift */; };
/* End PBXBuildFile section */

/* Begin PBXContainerItemProxy section */
		7D2112422662643C00A2FE17 /* PBXContainerItemProxy */ = {
			isa = PBXContainerItemProxy;
			containerPortal = 7D2112282662643900A2FE17 /* Project object */;
			proxyType = 1;
			remoteGlobalIDString = 7D21122F2662643A00A2FE17;
			remoteInfo = Landmarks;
		};
		7D21124D2662643C00A2FE17 /* PBXContainerItemProxy */ = {
			isa = PBXContainerItemProxy;
			containerPortal = 7D2112282662643900A2FE17 /* Project object */;
			proxyType = 1;
			remoteGlobalIDString = 7D21122F2662643A00A2FE17;
			remoteInfo = Landmarks;
		};
/* End PBXContainerItemProxy section */

/* Begin PBXFileReference section */
		7D2112302662643A00A2FE17 /* Landmarks.app */ = {isa = PBXFileReference; explicitFileType = wrapper.application; includeInIndex = 0; path = Landmarks.app; sourceTree = BUILT_PRODUCTS_DIR; };
		7D2112332662643A00A2FE17 /* LandmarksApp.swift */ = {isa = PBXFileReference; lastKnownFileType = sourcecode.swift; path = LandmarksApp.swift; sourceTree = "<group>"; };
		7D2112352662643A00A2FE17 /* ContentView.swift */ = {isa = PBXFileReference; lastKnownFileType = sourcecode.swift; path = ContentView.swift; sourceTree = "<group>"; };
		7D2112372662643C00A2FE17 /* Assets.xcassets */ = {isa = PBXFileReference; lastKnownFileType = folder.assetcatalog; path = Assets.xcassets; sourceTree = "<group>"; };
		7D21123A2662643C00A2FE17 /* Preview Assets.xcassets */ = {isa = PBXFileReference; lastKnownFileType = folder.assetcatalog; path = "Preview Assets.xcassets"; sourceTree = "<group>"; };
		7D21123C2662643C00A2FE17 /* Info.plist */ = {isa = PBXFileReference; lastKnownFileType = text.plist.xml; path = Info.plist; sourceTree = "<group>"; };
		7D2112412662643C00A2FE17 /* LandmarksTests.xctest */ = {isa = PBXFileReference; explicitFileType = wrapper.cfbundle; includeInIndex = 0; path = LandmarksTests.xctest; sourceTree = BUILT_PRODUCTS_DIR; };
		7D2112452662643C00A2FE17 /* LandmarksTests.swift */ = {isa = PBXFileReference; lastKnownFileType = sourcecode.swift; path = LandmarksTests.swift; sourceTree = "<group>"; };
		7D2112472662643C00A2FE17 /* Info.plist */ = {isa = PBXFileReference; lastKnownFileType = text.plist.xml; path = Info.plist; sourceTree = "<group>"; };
		7D21124C2662643C00A2FE17 /* LandmarksUITests.xctest */ = {isa = PBXFileReference; explicitFileType = wrapper.cfbundle; includeInIndex = 0; path = LandmarksUITests.xctest; sourceTree = BUILT_PRODUCTS_DIR; };
		7D2112502662643C00A2FE17 /* LandmarksUITests.swift */ = {isa = PBXFileReference; lastKnownFileType = sourcecode.swift; path = LandmarksUITests.swift; sourceTree = "<group>"; };
		7D2112522662643C00A2FE17 /* Info.plist */ = {isa = PBXFileReference; lastKnownFileType = text.plist.xml; path = Info.plist; sourceTree = "<group>"; };
		7D846073266267EA003BC83E /* CircleImage.swift */ = {isa = PBXFileReference; lastKnownFileType = sourcecode.swift; path = CircleImage.swift; sourceTree = "<group>"; };
		7D846075266268E5003BC83E /* MapView.swift */ = {isa = PBXFileReference; lastKnownFileType = sourcecode.swift; path = MapView.swift; sourceTree = "<group>"; };
		7D8460772662C7C7003BC83E /* landmarkData.json */ = {isa = PBXFileReference; fileEncoding = 4; lastKnownFileType = text.json; path = landmarkData.json; sourceTree = "<group>"; };
		7D8460792662C7E2003BC83E /* Landmark.swift */ = {isa = PBXFileReference; lastKnownFileType = sourcecode.swift; path = Landmark.swift; sourceTree = "<group>"; };
		7D84607B2662C97B003BC83E /* ModelData.swift */ = {isa = PBXFileReference; lastKnownFileType = sourcecode.swift; path = ModelData.swift; sourceTree = "<group>"; };
		7D8460802662CB74003BC83E /* LandmarkRow.swift */ = {isa = PBXFileReference; lastKnownFileType = sourcecode.swift; path = LandmarkRow.swift; sourceTree = "<group>"; };
		7D8460822662CD42003BC83E /* LandmarkList.swift */ = {isa = PBXFileReference; lastKnownFileType = sourcecode.swift; path = LandmarkList.swift; sourceTree = "<group>"; };
		7D8460842662CE70003BC83E /* LandmarkDetail.swift */ = {isa = PBXFileReference; lastKnownFileType = sourcecode.swift; path = LandmarkDetail.swift; sourceTree = "<group>"; };
/* End PBXFileReference section */

/* Begin PBXFrameworksBuildPhase section */
		7D21122D2662643A00A2FE17 /* Frameworks */ = {
			isa = PBXFrameworksBuildPhase;
			buildActionMask = 2147483647;
			files = (
			);
			runOnlyForDeploymentPostprocessing = 0;
		};
		7D21123E2662643C00A2FE17 /* Frameworks */ = {
			isa = PBXFrameworksBuildPhase;
			buildActionMask = 2147483647;
			files = (
			);
			runOnlyForDeploymentPostprocessing = 0;
		};
		7D2112492662643C00A2FE17 /* Frameworks */ = {
			isa = PBXFrameworksBuildPhase;
			buildActionMask = 2147483647;
			files = (
			);
			runOnlyForDeploymentPostprocessing = 0;
		};
/* End PBXFrameworksBuildPhase section */

/* Begin PBXGroup section */
		7D2112272662643900A2FE17 = {
			isa = PBXGroup;
			children = (
				7D2112322662643A00A2FE17 /* Landmarks */,
				7D2112442662643C00A2FE17 /* LandmarksTests */,
				7D21124F2662643C00A2FE17 /* LandmarksUITests */,
				7D2112312662643A00A2FE17 /* Products */,
			);
			sourceTree = "<group>";
		};
		7D2112312662643A00A2FE17 /* Products */ = {
			isa = PBXGroup;
			children = (
				7D2112302662643A00A2FE17 /* Landmarks.app */,
				7D2112412662643C00A2FE17 /* LandmarksTests.xctest */,
				7D21124C2662643C00A2FE17 /* LandmarksUITests.xctest */,
			);
			name = Products;
			sourceTree = "<group>";
		};
		7D2112322662643A00A2FE17 /* Landmarks */ = {
			isa = PBXGroup;
			children = (
				7D84607D2662CAE2003BC83E /* Views */,
				7D2112332662643A00A2FE17 /* LandmarksApp.swift */,
				7D84607E2662CAEB003BC83E /* Model */,
				7D84607F2662CAF4003BC83E /* Resources */,
				7D2112372662643C00A2FE17 /* Assets.xcassets */,
				7D21123C2662643C00A2FE17 /* Info.plist */,
				7D2112392662643C00A2FE17 /* Preview Content */,
			);
			path = Landmarks;
			sourceTree = "<group>";
		};
		7D2112392662643C00A2FE17 /* Preview Content */ = {
			isa = PBXGroup;
			children = (
				7D21123A2662643C00A2FE17 /* Preview Assets.xcassets */,
			);
			path = "Preview Content";
			sourceTree = "<group>";
		};
		7D2112442662643C00A2FE17 /* LandmarksTests */ = {
			isa = PBXGroup;
			children = (
				7D2112452662643C00A2FE17 /* LandmarksTests.swift */,
				7D2112472662643C00A2FE17 /* Info.plist */,
			);
			path = LandmarksTests;
			sourceTree = "<group>";
		};
		7D21124F2662643C00A2FE17 /* LandmarksUITests */ = {
			isa = PBXGroup;
			children = (
				7D2112502662643C00A2FE17 /* LandmarksUITests.swift */,
				7D2112522662643C00A2FE17 /* Info.plist */,
			);
			path = LandmarksUITests;
			sourceTree = "<group>";
		};
		7D84607D2662CAE2003BC83E /* Views */ = {
			isa = PBXGroup;
			children = (
				7D2112352662643A00A2FE17 /* ContentView.swift */,
				7D846073266267EA003BC83E /* CircleImage.swift */,
				7D846075266268E5003BC83E /* MapView.swift */,
				7D8460802662CB74003BC83E /* LandmarkRow.swift */,
				7D8460822662CD42003BC83E /* LandmarkList.swift */,
				7D8460842662CE70003BC83E /* LandmarkDetail.swift */,
			);
			path = Views;
			sourceTree = "<group>";
		};
		7D84607E2662CAEB003BC83E /* Model */ = {
			isa = PBXGroup;
			children = (
				7D84607B2662C97B003BC83E /* ModelData.swift */,
				7D8460792662C7E2003BC83E /* Landmark.swift */,
			);
			path = Model;
			sourceTree = "<group>";
		};
		7D84607F2662CAF4003BC83E /* Resources */ = {
			isa = PBXGroup;
			children = (
				7D8460772662C7C7003BC83E /* landmarkData.json */,
			);
			path = Resources;
			sourceTree = "<group>";
		};
/* End PBXGroup section */

/* Begin PBXNativeTarget section */
		7D21122F2662643A00A2FE17 /* Landmarks */ = {
			isa = PBXNativeTarget;
			buildConfigurationList = 7D2112552662643C00A2FE17 /* Build configuration list for PBXNativeTarget "Landmarks" */;
			buildPhases = (
				7D21122C2662643A00A2FE17 /* Sources */,
				7D21122D2662643A00A2FE17 /* Frameworks */,
				7D21122E2662643A00A2FE17 /* Resources */,
			);
			buildRules = (
			);
			dependencies = (
			);
			name = Landmarks;
			productName = Landmarks;
			productReference = 7D2112302662643A00A2FE17 /* Landmarks.app */;
			productType = "com.apple.product-type.application";
		};
		7D2112402662643C00A2FE17 /* LandmarksTests */ = {
			isa = PBXNativeTarget;
			buildConfigurationList = 7D2112582662643C00A2FE17 /* Build configuration list for PBXNativeTarget "LandmarksTests" */;
			buildPhases = (
				7D21123D2662643C00A2FE17 /* Sources */,
				7D21123E2662643C00A2FE17 /* Frameworks */,
				7D21123F2662643C00A2FE17 /* Resources */,
			);
			buildRules = (
			);
			dependencies = (
				7D2112432662643C00A2FE17 /* PBXTargetDependency */,
			);
			name = LandmarksTests;
			productName = LandmarksTests;
			productReference = 7D2112412662643C00A2FE17 /* LandmarksTests.xctest */;
			productType = "com.apple.product-type.bundle.unit-test";
		};
		7D21124B2662643C00A2FE17 /* LandmarksUITests */ = {
			isa = PBXNativeTarget;
			buildConfigurationList = 7D21125B2662643C00A2FE17 /* Build configuration list for PBXNativeTarget "LandmarksUITests" */;
			buildPhases = (
				7D2112482662643C00A2FE17 /* Sources */,
				7D2112492662643C00A2FE17 /* Frameworks */,
				7D21124A2662643C00A2FE17 /* Resources */,
			);
			buildRules = (
			);
			dependencies = (
				7D21124E2662643C00A2FE17 /* PBXTargetDependency */,
			);
			name = LandmarksUITests;
			productName = LandmarksUITests;
			productReference = 7D21124C2662643C00A2FE17 /* LandmarksUITests.xctest */;
			productType = "com.apple.product-type.bundle.ui-testing";
		};
/* End PBXNativeTarget section */

/* Begin PBXProject section */
		7D2112282662643900A2FE17 /* Project object */ = {
			isa = PBXProject;
			attributes = {
				LastSwiftUpdateCheck = 1250;
				LastUpgradeCheck = 1250;
				TargetAttributes = {
					7D21122F2662643A00A2FE17 = {
						CreatedOnToolsVersion = 12.5;
					};
					7D2112402662643C00A2FE17 = {
						CreatedOnToolsVersion = 12.5;
						TestTargetID = 7D21122F2662643A00A2FE17;
					};
					7D21124B2662643C00A2FE17 = {
						CreatedOnToolsVersion = 12.5;
						TestTargetID = 7D21122F2662643A00A2FE17;
					};
				};
			};
			buildConfigurationList = 7D21122B2662643900A2FE17 /* Build configuration list for PBXProject "Landmarks" */;
			compatibilityVersion = "Xcode 9.3";
			developmentRegion = en;
			hasScannedForEncodings = 0;
			knownRegions = (
				en,
				Base,
			);
			mainGroup = 7D2112272662643900A2FE17;
			productRefGroup = 7D2112312662643A00A2FE17 /* Products */;
			projectDirPath = "";
			projectRoot = "";
			targets = (
				7D21122F2662643A00A2FE17 /* Landmarks */,
				7D2112402662643C00A2FE17 /* LandmarksTests */,
				7D21124B2662643C00A2FE17 /* LandmarksUITests */,
			);
		};
/* End PBXProject section */

/* Begin PBXResourcesBuildPhase section */
		7D21122E2662643A00A2FE17 /* Resources */ = {
			isa = PBXResourcesBuildPhase;
			buildActionMask = 2147483647;
			files = (
				7D21123B2662643C00A2FE17 /* Preview Assets.xcassets in Resources */,
				7D2112382662643C00A2FE17 /* Assets.xcassets in Resources */,
				7D8460782662C7C7003BC83E /* landmarkData.json in Resources */,
			);
			runOnlyForDeploymentPostprocessing = 0;
		};
		7D21123F2662643C00A2FE17 /* Resources */ = {
			isa = PBXResourcesBuildPhase;
			buildActionMask = 2147483647;
			files = (
			);
			runOnlyForDeploymentPostprocessing = 0;
		};
		7D21124A2662643C00A2FE17 /* Resources */ = {
			isa = PBXResourcesBuildPhase;
			buildActionMask = 2147483647;
			files = (
			);
			runOnlyForDeploymentPostprocessing = 0;
		};
/* End PBXResourcesBuildPhase section */

/* Begin PBXSourcesBuildPhase section */
		7D21122C2662643A00A2FE17 /* Sources */ = {
			isa = PBXSourcesBuildPhase;
			buildActionMask = 2147483647;
			files = (
				7D2112362662643A00A2FE17 /* ContentView.swift in Sources */,
				7D846076266268E5003BC83E /* MapView.swift in Sources */,
				7D2112342662643A00A2FE17 /* LandmarksApp.swift in Sources */,
				7D8460832662CD42003BC83E /* LandmarkList.swift in Sources */,
				7D8460852662CE70003BC83E /* LandmarkDetail.swift in Sources */,
				7D846074266267EA003BC83E /* CircleImage.swift in Sources */,
				7D84607A2662C7E2003BC83E /* Landmark.swift in Sources */,
				7D8460812662CB74003BC83E /* LandmarkRow.swift in Sources */,
				7D84607C2662C97B003BC83E /* ModelData.swift in Sources */,
			);
			runOnlyForDeploymentPostprocessing = 0;
		};
		7D21123D2662643C00A2FE17 /* Sources */ = {
			isa = PBXSourcesBuildPhase;
			buildActionMask = 2147483647;
			files = (
				7D2112462662643C00A2FE17 /* LandmarksTests.swift in Sources */,
			);
			runOnlyForDeploymentPostprocessing = 0;
		};
		7D2112482662643C00A2FE17 /* Sources */ = {
			isa = PBXSourcesBuildPhase;
			buildActionMask = 2147483647;
			files = (
				7D2112512662643C00A2FE17 /* LandmarksUITests.swift in Sources */,
			);
			runOnlyForDeploymentPostprocessing = 0;
		};
/* End PBXSourcesBuildPhase section */

/* Begin PBXTargetDependency section */
		7D2112432662643C00A2FE17 /* PBXTargetDependency */ = {
			isa = PBXTargetDependency;
			target = 7D21122F2662643A00A2FE17 /* Landmarks */;
			targetProxy = 7D2112422662643C00A2FE17 /* PBXContainerItemProxy */;
		};
		7D21124E2662643C00A2FE17 /* PBXTargetDependency */ = {
			isa = PBXTargetDependency;
			target = 7D21122F2662643A00A2FE17 /* Landmarks */;
			targetProxy = 7D21124D2662643C00A2FE17 /* PBXContainerItemProxy */;
		};
/* End PBXTargetDependency section */

/* Begin XCBuildConfiguration section */
		7D2112532662643C00A2FE17 /* Debug */ = {
			isa = XCBuildConfiguration;
			buildSettings = {
				ALWAYS_SEARCH_USER_PATHS = NO;
				CLANG_ANALYZER_NONNULL = YES;
				CLANG_ANALYZER_NUMBER_OBJECT_CONVERSION = YES_AGGRESSIVE;
				CLANG_CXX_LANGUAGE_STANDARD = "gnu++14";
				CLANG_CXX_LIBRARY = "libc++";
				CLANG_ENABLE_MODULES = YES;
				CLANG_ENABLE_OBJC_ARC = YES;
				CLANG_ENABLE_OBJC_WEAK = YES;
				CLANG_WARN_BLOCK_CAPTURE_AUTORELEASING = YES;
				CLANG_WARN_BOOL_CONVERSION = YES;
				CLANG_WARN_COMMA = YES;
				CLANG_WARN_CONSTANT_CONVERSION = YES;
				CLANG_WARN_DEPRECATED_OBJC_IMPLEMENTATIONS = YES;
				CLANG_WARN_DIRECT_OBJC_ISA_USAGE = YES_ERROR;
				CLANG_WARN_DOCUMENTATION_COMMENTS = YES;
				CLANG_WARN_EMPTY_BODY = YES;
				CLANG_WARN_ENUM_CONVERSION = YES;
				CLANG_WARN_INFINITE_RECURSION = YES;
				CLANG_WARN_INT_CONVERSION = YES;
				CLANG_WARN_NON_LITERAL_NULL_CONVERSION = YES;
				CLANG_WARN_OBJC_IMPLICIT_RETAIN_SELF = YES;
				CLANG_WARN_OBJC_LITERAL_CONVERSION = YES;
				CLANG_WARN_OBJC_ROOT_CLASS = YES_ERROR;
				CLANG_WARN_QUOTED_INCLUDE_IN_FRAMEWORK_HEADER = YES;
				CLANG_WARN_RANGE_LOOP_ANALYSIS = YES;
				CLANG_WARN_STRICT_PROTOTYPES = YES;
				CLANG_WARN_SUSPICIOUS_MOVE = YES;
				CLANG_WARN_UNGUARDED_AVAILABILITY = YES_AGGRESSIVE;
				CLANG_WARN_UNREACHABLE_CODE = YES;
				CLANG_WARN__DUPLICATE_METHOD_MATCH = YES;
				COPY_PHASE_STRIP = NO;
				DEBUG_INFORMATION_FORMAT = dwarf;
				ENABLE_STRICT_OBJC_MSGSEND = YES;
				ENABLE_TESTABILITY = YES;
				GCC_C_LANGUAGE_STANDARD = gnu11;
				GCC_DYNAMIC_NO_PIC = NO;
				GCC_NO_COMMON_BLOCKS = YES;
				GCC_OPTIMIZATION_LEVEL = 0;
				GCC_PREPROCESSOR_DEFINITIONS = (
					"DEBUG=1",
					"$(inherited)",
				);
				GCC_WARN_64_TO_32_BIT_CONVERSION = YES;
				GCC_WARN_ABOUT_RETURN_TYPE = YES_ERROR;
				GCC_WARN_UNDECLARED_SELECTOR = YES;
				GCC_WARN_UNINITIALIZED_AUTOS = YES_AGGRESSIVE;
				GCC_WARN_UNUSED_FUNCTION = YES;
				GCC_WARN_UNUSED_VARIABLE = YES;
				IPHONEOS_DEPLOYMENT_TARGET = 14.5;
				MTL_ENABLE_DEBUG_INFO = INCLUDE_SOURCE;
				MTL_FAST_MATH = YES;
				ONLY_ACTIVE_ARCH = YES;
				SDKROOT = iphoneos;
				SWIFT_ACTIVE_COMPILATION_CONDITIONS = DEBUG;
				SWIFT_OPTIMIZATION_LEVEL = "-Onone";
			};
			name = Debug;
		};
		7D2112542662643C00A2FE17 /* Release */ = {
			isa = XCBuildConfiguration;
			buildSettings = {
				ALWAYS_SEARCH_USER_PATHS = NO;
				CLANG_ANALYZER_NONNULL = YES;
				CLANG_ANALYZER_NUMBER_OBJECT_CONVERSION = YES_AGGRESSIVE;
				CLANG_CXX_LANGUAGE_STANDARD = "gnu++14";
				CLANG_CXX_LIBRARY = "libc++";
				CLANG_ENABLE_MODULES = YES;
				CLANG_ENABLE_OBJC_ARC = YES;
				CLANG_ENABLE_OBJC_WEAK = YES;
				CLANG_WARN_BLOCK_CAPTURE_AUTORELEASING = YES;
				CLANG_WARN_BOOL_CONVERSION = YES;
				CLANG_WARN_COMMA = YES;
				CLANG_WARN_CONSTANT_CONVERSION = YES;
				CLANG_WARN_DEPRECATED_OBJC_IMPLEMENTATIONS = YES;
				CLANG_WARN_DIRECT_OBJC_ISA_USAGE = YES_ERROR;
				CLANG_WARN_DOCUMENTATION_COMMENTS = YES;
				CLANG_WARN_EMPTY_BODY = YES;
				CLANG_WARN_ENUM_CONVERSION = YES;
				CLANG_WARN_INFINITE_RECURSION = YES;
				CLANG_WARN_INT_CONVERSION = YES;
				CLANG_WARN_NON_LITERAL_NULL_CONVERSION = YES;
				CLANG_WARN_OBJC_IMPLICIT_RETAIN_SELF = YES;
				CLANG_WARN_OBJC_LITERAL_CONVERSION = YES;
				CLANG_WARN_OBJC_ROOT_CLASS = YES_ERROR;
				CLANG_WARN_QUOTED_INCLUDE_IN_FRAMEWORK_HEADER = YES;
				CLANG_WARN_RANGE_LOOP_ANALYSIS = YES;
				CLANG_WARN_STRICT_PROTOTYPES = YES;
				CLANG_WARN_SUSPICIOUS_MOVE = YES;
				CLANG_WARN_UNGUARDED_AVAILABILITY = YES_AGGRESSIVE;
				CLANG_WARN_UNREACHABLE_CODE = YES;
				CLANG_WARN__DUPLICATE_METHOD_MATCH = YES;
				COPY_PHASE_STRIP = NO;
				DEBUG_INFORMATION_FORMAT = "dwarf-with-dsym";
				ENABLE_NS_ASSERTIONS = NO;
				ENABLE_STRICT_OBJC_MSGSEND = YES;
				GCC_C_LANGUAGE_STANDARD = gnu11;
				GCC_NO_COMMON_BLOCKS = YES;
				GCC_WARN_64_TO_32_BIT_CONVERSION = YES;
				GCC_WARN_ABOUT_RETURN_TYPE = YES_ERROR;
				GCC_WARN_UNDECLARED_SELECTOR = YES;
				GCC_WARN_UNINITIALIZED_AUTOS = YES_AGGRESSIVE;
				GCC_WARN_UNUSED_FUNCTION = YES;
				GCC_WARN_UNUSED_VARIABLE = YES;
				IPHONEOS_DEPLOYMENT_TARGET = 14.5;
				MTL_ENABLE_DEBUG_INFO = NO;
				MTL_FAST_MATH = YES;
				SDKROOT = iphoneos;
				SWIFT_COMPILATION_MODE = wholemodule;
				SWIFT_OPTIMIZATION_LEVEL = "-O";
				VALIDATE_PRODUCT = YES;
			};
			name = Release;
		};
		7D2112562662643C00A2FE17 /* Debug */ = {
			isa = XCBuildConfiguration;
			buildSettings = {
				ASSETCATALOG_COMPILER_APPICON_NAME = AppIcon;
				ASSETCATALOG_COMPILER_GLOBAL_ACCENT_COLOR_NAME = AccentColor;
				CODE_SIGN_STYLE = Automatic;
				DEVELOPMENT_ASSET_PATHS = "\"Landmarks/Preview Content\"";
				DEVELOPMENT_TEAM = QH8HG84VQM;
				ENABLE_PREVIEWS = YES;
				INFOPLIST_FILE = Landmarks/Info.plist;
				IPHONEOS_DEPLOYMENT_TARGET = 14.0;
				LD_RUNPATH_SEARCH_PATHS = (
					"$(inherited)",
					"@executable_path/Frameworks",
				);
				PRODUCT_BUNDLE_IDENTIFIER = br.ufpe.cin.academy.Landmarks;
				PRODUCT_NAME = "$(TARGET_NAME)";
				SWIFT_VERSION = 5.0;
				TARGETED_DEVICE_FAMILY = "1,2";
			};
			name = Debug;
		};
		7D2112572662643C00A2FE17 /* Release */ = {
			isa = XCBuildConfiguration;
			buildSettings = {
				ASSETCATALOG_COMPILER_APPICON_NAME = AppIcon;
				ASSETCATALOG_COMPILER_GLOBAL_ACCENT_COLOR_NAME = AccentColor;
				CODE_SIGN_STYLE = Automatic;
				DEVELOPMENT_ASSET_PATHS = "\"Landmarks/Preview Content\"";
				DEVELOPMENT_TEAM = QH8HG84VQM;
				ENABLE_PREVIEWS = YES;
				INFOPLIST_FILE = Landmarks/Info.plist;
				IPHONEOS_DEPLOYMENT_TARGET = 14.0;
				LD_RUNPATH_SEARCH_PATHS = (
					"$(inherited)",
					"@executable_path/Frameworks",
				);
				PRODUCT_BUNDLE_IDENTIFIER = br.ufpe.cin.academy.Landmarks;
				PRODUCT_NAME = "$(TARGET_NAME)";
				SWIFT_VERSION = 5.0;
				TARGETED_DEVICE_FAMILY = "1,2";
			};
			name = Release;
		};
		7D2112592662643C00A2FE17 /* Debug */ = {
			isa = XCBuildConfiguration;
			buildSettings = {
				ALWAYS_EMBED_SWIFT_STANDARD_LIBRARIES = YES;
				BUNDLE_LOADER = "$(TEST_HOST)";
				CODE_SIGN_STYLE = Automatic;
				DEVELOPMENT_TEAM = QH8HG84VQM;
				INFOPLIST_FILE = LandmarksTests/Info.plist;
				IPHONEOS_DEPLOYMENT_TARGET = 14.0;
				LD_RUNPATH_SEARCH_PATHS = (
					"$(inherited)",
					"@executable_path/Frameworks",
					"@loader_path/Frameworks",
				);
				PRODUCT_BUNDLE_IDENTIFIER = br.ufpe.cin.academy.LandmarksTests;
				PRODUCT_NAME = "$(TARGET_NAME)";
				SWIFT_VERSION = 5.0;
				TARGETED_DEVICE_FAMILY = "1,2";
				TEST_HOST = "$(BUILT_PRODUCTS_DIR)/Landmarks.app/Landmarks";
			};
			name = Debug;
		};
		7D21125A2662643C00A2FE17 /* Release */ = {
			isa = XCBuildConfiguration;
			buildSettings = {
				ALWAYS_EMBED_SWIFT_STANDARD_LIBRARIES = YES;
				BUNDLE_LOADER = "$(TEST_HOST)";
				CODE_SIGN_STYLE = Automatic;
				DEVELOPMENT_TEAM = QH8HG84VQM;
				INFOPLIST_FILE = LandmarksTests/Info.plist;
				IPHONEOS_DEPLOYMENT_TARGET = 14.0;
				LD_RUNPATH_SEARCH_PATHS = (
					"$(inherited)",
					"@executable_path/Frameworks",
					"@loader_path/Frameworks",
				);
				PRODUCT_BUNDLE_IDENTIFIER = br.ufpe.cin.academy.LandmarksTests;
				PRODUCT_NAME = "$(TARGET_NAME)";
				SWIFT_VERSION = 5.0;
				TARGETED_DEVICE_FAMILY = "1,2";
				TEST_HOST = "$(BUILT_PRODUCTS_DIR)/Landmarks.app/Landmarks";
			};
			name = Release;
		};
		7D21125C2662643C00A2FE17 /* Debug */ = {
			isa = XCBuildConfiguration;
			buildSettings = {
				ALWAYS_EMBED_SWIFT_STANDARD_LIBRARIES = YES;
				CODE_SIGN_STYLE = Automatic;
				DEVELOPMENT_TEAM = QH8HG84VQM;
				INFOPLIST_FILE = LandmarksUITests/Info.plist;
				LD_RUNPATH_SEARCH_PATHS = (
					"$(inherited)",
					"@executable_path/Frameworks",
					"@loader_path/Frameworks",
				);
				PRODUCT_BUNDLE_IDENTIFIER = br.ufpe.cin.academy.LandmarksUITests;
				PRODUCT_NAME = "$(TARGET_NAME)";
				SWIFT_VERSION = 5.0;
				TARGETED_DEVICE_FAMILY = "1,2";
				TEST_TARGET_NAME = Landmarks;
			};
			name = Debug;
		};
		7D21125D2662643C00A2FE17 /* Release */ = {
			isa = XCBuildConfiguration;
			buildSettings = {
				ALWAYS_EMBED_SWIFT_STANDARD_LIBRARIES = YES;
				CODE_SIGN_STYLE = Automatic;
				DEVELOPMENT_TEAM = QH8HG84VQM;
				INFOPLIST_FILE = LandmarksUITests/Info.plist;
				LD_RUNPATH_SEARCH_PATHS = (
					"$(inherited)",
					"@executable_path/Frameworks",
					"@loader_path/Frameworks",
				);
				PRODUCT_BUNDLE_IDENTIFIER = br.ufpe.cin.academy.LandmarksUITests;
				PRODUCT_NAME = "$(TARGET_NAME)";
				SWIFT_VERSION = 5.0;
				TARGETED_DEVICE_FAMILY = "1,2";
				TEST_TARGET_NAME = Landmarks;
			};
			name = Release;
		};
/* End XCBuildConfiguration section */

/* Begin XCConfigurationList section */
		7D21122B2662643900A2FE17 /* Build configuration list for PBXProject "Landmarks" */ = {
			isa = XCConfigurationList;
			buildConfigurations = (
				7D2112532662643C00A2FE17 /* Debug */,
				7D2112542662643C00A2FE17 /* Release */,
			);
			defaultConfigurationIsVisible = 0;
			defaultConfigurationName = Release;
		};
		7D2112552662643C00A2FE17 /* Build configuration list for PBXNativeTarget "Landmarks" */ = {
			isa = XCConfigurationList;
			buildConfigurations = (
				7D2112562662643C00A2FE17 /* Debug */,
				7D2112572662643C00A2FE17 /* Release */,
			);
			defaultConfigurationIsVisible = 0;
			defaultConfigurationName = Release;
		};
		7D2112582662643C00A2FE17 /* Build configuration list for PBXNativeTarget "LandmarksTests" */ = {
			isa = XCConfigurationList;
			buildConfigurations = (
				7D2112592662643C00A2FE17 /* Debug */,
				7D21125A2662643C00A2FE17 /* Release */,
			);
			defaultConfigurationIsVisible = 0;
			defaultConfigurationName = Release;
		};
		7D21125B2662643C00A2FE17 /* Build configuration list for PBXNativeTarget "LandmarksUITests" */ = {
			isa = XCConfigurationList;
			buildConfigurations = (
				7D21125C2662643C00A2FE17 /* Debug */,
				7D21125D2662643C00A2FE17 /* Release */,
			);
			defaultConfigurationIsVisible = 0;
			defaultConfigurationName = Release;
		};
/* End XCConfigurationList section */
	};
	rootObject = 7D2112282662643900A2FE17 /* Project object */;
}
